
Microsoft Visual Studio Solution File, Format Version 12.00
# Visual Studio 15
VisualStudioVersion = 15.0.27004.2002
MinimumVisualStudioVersion = 10.0.40219.1
Project("{888888A0-9F3D-457C-B088-3A5042F75D52}") = "naive_features", "naive_features\naive_features.pyproj", "{A8AAAEC6-01C0-4B49-BBA3-2124CC5E8367}"
EndProject
Project("{888888A0-9F3D-457C-B088-3A5042F75D52}") = "naive_features_multiple_values", "naive_features_multiple_values\naive_features_multiple_values.pyproj", "{D72354A9-35AE-4A31-B9C9-A6CD447DBE11}"
EndProject
Project("{888888A0-9F3D-457C-B088-3A5042F75D52}") = "svd_word2vec", "svd_word2vec\svd_word2vec.pyproj", "{DB91447C-30FF-4FFA-BAAD-9DC2BE72E3DA}"
EndProject
Project("{888888A0-9F3D-457C-B088-3A5042F75D52}") = "TFIDF", "TFIDF\TFIDF.pyproj", "{1D977EAD-3356-4BDB-BA08-B73118A0109D}"
EndProject
Project("{888888A0-9F3D-457C-B088-3A5042F75D52}") = "shuning_solution", "shuning_solution\shuning_solution.pyproj", "{549E1B76-9985-44AC-8120-3003E073A09F}"
EndProject
Global
	GlobalSection(SolutionConfigurationPlatforms) = preSolution
		Debug|Any CPU = Debug|Any CPU
		Release|Any CPU = Release|Any CPU
	EndGlobalSection
	GlobalSection(ProjectConfigurationPlatforms) = postSolution
		{A8AAAEC6-01C0-4B49-BBA3-2124CC5E8367}.Debug|Any CPU.ActiveCfg = Debug|Any CPU
		{A8AAAEC6-01C0-4B49-BBA3-2124CC5E8367}.Release|Any CPU.ActiveCfg = Release|Any CPU
		{D72354A9-35AE-4A31-B9C9-A6CD447DBE11}.Debug|Any CPU.ActiveCfg = Debug|Any CPU
		{D72354A9-35AE-4A31-B9C9-A6CD447DBE11}.Release|Any CPU.ActiveCfg = Release|Any CPU
		{DB91447C-30FF-4FFA-BAAD-9DC2BE72E3DA}.Debug|Any CPU.ActiveCfg = Debug|Any CPU
		{DB91447C-30FF-4FFA-BAAD-9DC2BE72E3DA}.Release|Any CPU.ActiveCfg = Release|Any CPU
		{1D977EAD-3356-4BDB-BA08-B73118A0109D}.Debug|Any CPU.ActiveCfg = Debug|Any CPU
		{1D977EAD-3356-4BDB-BA08-B73118A0109D}.Release|Any CPU.ActiveCfg = Release|Any CPU
		{549E1B76-9985-44AC-8120-3003E073A09F}.Debug|Any CPU.ActiveCfg = Debug|Any CPU
		{549E1B76-9985-44AC-8120-3003E073A09F}.Release|Any CPU.ActiveCfg = Release|Any CPU
	EndGlobalSection
	GlobalSection(SolutionProperties) = preSolution
		HideSolutionNode = FALSE
	EndGlobalSection
	GlobalSection(ExtensibilityGlobals) = postSolution
		SolutionGuid = {F7474BB1-12D2-43AB-9A46-A4C964ACCD57}
	EndGlobalSection
EndGlobal
