
Microsoft Visual Studio Solution File, Format Version 12.00
# Visual Studio 15
VisualStudioVersion = 15.0.27004.2002
MinimumVisualStudioVersion = 10.0.40219.1
Project("{888888A0-9F3D-457C-B088-3A5042F75D52}") = "lab3", "lab3\lab3.pyproj", "{2E408840-A8AA-4791-ABB9-A8037977E2AE}"
EndProject
Global
	GlobalSection(SolutionConfigurationPlatforms) = preSolution
		Debug|Any CPU = Debug|Any CPU
		Release|Any CPU = Release|Any CPU
	EndGlobalSection
	GlobalSection(ProjectConfigurationPlatforms) = postSolution
		{2E408840-A8AA-4791-ABB9-A8037977E2AE}.Debug|Any CPU.ActiveCfg = Debug|Any CPU
		{2E408840-A8AA-4791-ABB9-A8037977E2AE}.Release|Any CPU.ActiveCfg = Release|Any CPU
	EndGlobalSection
	GlobalSection(SolutionProperties) = preSolution
		HideSolutionNode = FALSE
	EndGlobalSection
	GlobalSection(ExtensibilityGlobals) = postSolution
		SolutionGuid = {10B37613-D929-4690-867F-07D9E93EEAFE}
	EndGlobalSection
EndGlobal
